
Microsoft Visual Studio Solution File, Format Version 12.00
# Visual Studio 15
VisualStudioVersion = 15.0.28307.1321
MinimumVisualStudioVersion = 10.0.40219.1
Project("{FAE04EC0-301F-11D3-BF4B-00C04F79EFBC}") = "Entities", "Entities\Entities.csproj", "{AF5CEC06-6695-4336-8FFE-FB1D464B3AFD}"
EndProject
Project("{FAE04EC0-301F-11D3-BF4B-00C04F79EFBC}") = "DataAccess", "DataAccess\DataAccess.csproj", "{5AC31C01-4A90-4FED-9822-6114C0C981F3}"
EndProject
Project("{FAE04EC0-301F-11D3-BF4B-00C04F79EFBC}") = "Business", "Business\Business.csproj", "{A6AD1A76-F23E-48E3-8CC4-D1E6B1114FF6}"
EndProject
Project("{FAE04EC0-301F-11D3-BF4B-00C04F79EFBC}") = "ConsoleUI", "ConsoleUI\ConsoleUI.csproj", "{196AE4DA-CC88-4F5D-9BBA-7098989F105F}"
EndProject
Project("{FAE04EC0-301F-11D3-BF4B-00C04F79EFBC}") = "Core", "Core\Core.csproj", "{0BC99D4D-CAD0-464B-8281-DE0E092DD1E9}"
EndProject
Global
	GlobalSection(SolutionConfigurationPlatforms) = preSolution
		Debug|Any CPU = Debug|Any CPU
		Release|Any CPU = Release|Any CPU
	EndGlobalSection
	GlobalSection(ProjectConfigurationPlatforms) = postSolution
		{AF5CEC06-6695-4336-8FFE-FB1D464B3AFD}.Debug|Any CPU.ActiveCfg = Debug|Any CPU
		{AF5CEC06-6695-4336-8FFE-FB1D464B3AFD}.Debug|Any CPU.Build.0 = Debug|Any CPU
		{AF5CEC06-6695-4336-8FFE-FB1D464B3AFD}.Release|Any CPU.ActiveCfg = Release|Any CPU
		{AF5CEC06-6695-4336-8FFE-FB1D464B3AFD}.Release|Any CPU.Build.0 = Release|Any CPU
		{5AC31C01-4A90-4FED-9822-6114C0C981F3}.Debug|Any CPU.ActiveCfg = Debug|Any CPU
		{5AC31C01-4A90-4FED-9822-6114C0C981F3}.Debug|Any CPU.Build.0 = Debug|Any CPU
		{5AC31C01-4A90-4FED-9822-6114C0C981F3}.Release|Any CPU.ActiveCfg = Release|Any CPU
		{5AC31C01-4A90-4FED-9822-6114C0C981F3}.Release|Any CPU.Build.0 = Release|Any CPU
		{A6AD1A76-F23E-48E3-8CC4-D1E6B1114FF6}.Debug|Any CPU.ActiveCfg = Debug|Any CPU
		{A6AD1A76-F23E-48E3-8CC4-D1E6B1114FF6}.Debug|Any CPU.Build.0 = Debug|Any CPU
		{A6AD1A76-F23E-48E3-8CC4-D1E6B1114FF6}.Release|Any CPU.ActiveCfg = Release|Any CPU
		{A6AD1A76-F23E-48E3-8CC4-D1E6B1114FF6}.Release|Any CPU.Build.0 = Release|Any CPU
		{196AE4DA-CC88-4F5D-9BBA-7098989F105F}.Debug|Any CPU.ActiveCfg = Debug|Any CPU
		{196AE4DA-CC88-4F5D-9BBA-7098989F105F}.Debug|Any CPU.Build.0 = Debug|Any CPU
		{196AE4DA-CC88-4F5D-9BBA-7098989F105F}.Release|Any CPU.ActiveCfg = Release|Any CPU
		{196AE4DA-CC88-4F5D-9BBA-7098989F105F}.Release|Any CPU.Build.0 = Release|Any CPU
		{0BC99D4D-CAD0-464B-8281-DE0E092DD1E9}.Debug|Any CPU.ActiveCfg = Debug|Any CPU
		{0BC99D4D-CAD0-464B-8281-DE0E092DD1E9}.Debug|Any CPU.Build.0 = Debug|Any CPU
		{0BC99D4D-CAD0-464B-8281-DE0E092DD1E9}.Release|Any CPU.ActiveCfg = Release|Any CPU
		{0BC99D4D-CAD0-464B-8281-DE0E092DD1E9}.Release|Any CPU.Build.0 = Release|Any CPU
	EndGlobalSection
	GlobalSection(SolutionProperties) = preSolution
		HideSolutionNode = FALSE
	EndGlobalSection
	GlobalSection(ExtensibilityGlobals) = postSolution
		SolutionGuid = {11F97F29-2046-43AD-B339-03B481201D74}
	EndGlobalSection
EndGlobal
